{"1.1.0",
[{<<"goldrush">>,{pkg,<<"goldrush">>,<<"0.1.8">>},2},
 {<<"lager">>,{pkg,<<"lager">>,<<"3.2.1">>},1},
 {<<"xfutils">>,
  {git,"https://github.com/simonxu72/erlang-xfutils",
       {ref,"1d163ab64507c8c84e8c0c696aa4215403d725b9"}},
  0}]}.
[
{pkg_hash,[
 {<<"goldrush">>, <<"2024BA375CEEA47E27EA70E14D2C483B2D8610101B4E852EF7F89163CDB6E649">>},
 {<<"lager">>, <<"EEF4E18B39E4195D37606D9088EA05BF1B745986CF8EC84F01D332456FE88D17">>}]}
].
